
Microsoft Visual Studio Solution File, Format Version 12.00
# Visual Studio Version 17
VisualStudioVersion = 17.9.34714.143
MinimumVisualStudioVersion = 10.0.40219.1
Project("{FAE04EC0-301F-11D3-BF4B-00C04F79EFBC}") = "SmileSoft.UI.Desktop", "SmileSoft.UI.Desktop\SmileSoft.UI.Desktop.csproj", "{F201BAC2-8925-446B-B295-4C7C8F450453}"
EndProject
Project("{FAE04EC0-301F-11D3-BF4B-00C04F79EFBC}") = "SmileSoft.Dominio", "SmileSoft.Dominio\SmileSoft.Dominio.csproj", "{F7E046CE-ABAD-4BCC-977A-7E2A8550745B}"
EndProject
Project("{FAE04EC0-301F-11D3-BF4B-00C04F79EFBC}") = "SmileSoft.UI.Web", "SmileSoft.UI.Web\SmileSoft.UI.Web.csproj", "{36D8C2EB-A162-477B-8045-E1893D28B849}"
EndProject
Project("{FAE04EC0-301F-11D3-BF4B-00C04F79EFBC}") = "SmileSoft.UI", "SmileSoft.UI\SmileSoft.UI.csproj", "{2E4A2A65-2681-4901-89A0-019B409E96C1}"
EndProject
Project("{FAE04EC0-301F-11D3-BF4B-00C04F79EFBC}") = "DTO", "DTO\DTO.csproj", "{E243C150-1B50-4474-8824-D1EC3B25A575}"
EndProject
Global
	GlobalSection(SolutionConfigurationPlatforms) = preSolution
		Debug|Any CPU = Debug|Any CPU
		Release|Any CPU = Release|Any CPU
	EndGlobalSection
	GlobalSection(ProjectConfigurationPlatforms) = postSolution
		{F201BAC2-8925-446B-B295-4C7C8F450453}.Debug|Any CPU.ActiveCfg = Debug|Any CPU
		{F201BAC2-8925-446B-B295-4C7C8F450453}.Debug|Any CPU.Build.0 = Debug|Any CPU
		{F201BAC2-8925-446B-B295-4C7C8F450453}.Release|Any CPU.ActiveCfg = Release|Any CPU
		{F201BAC2-8925-446B-B295-4C7C8F450453}.Release|Any CPU.Build.0 = Release|Any CPU
		{F7E046CE-ABAD-4BCC-977A-7E2A8550745B}.Debug|Any CPU.ActiveCfg = Debug|Any CPU
		{F7E046CE-ABAD-4BCC-977A-7E2A8550745B}.Debug|Any CPU.Build.0 = Debug|Any CPU
		{F7E046CE-ABAD-4BCC-977A-7E2A8550745B}.Release|Any CPU.ActiveCfg = Release|Any CPU
		{F7E046CE-ABAD-4BCC-977A-7E2A8550745B}.Release|Any CPU.Build.0 = Release|Any CPU
		{36D8C2EB-A162-477B-8045-E1893D28B849}.Debug|Any CPU.ActiveCfg = Debug|Any CPU
		{36D8C2EB-A162-477B-8045-E1893D28B849}.Debug|Any CPU.Build.0 = Debug|Any CPU
		{36D8C2EB-A162-477B-8045-E1893D28B849}.Release|Any CPU.ActiveCfg = Release|Any CPU
		{36D8C2EB-A162-477B-8045-E1893D28B849}.Release|Any CPU.Build.0 = Release|Any CPU
		{2E4A2A65-2681-4901-89A0-019B409E96C1}.Debug|Any CPU.ActiveCfg = Debug|Any CPU
		{2E4A2A65-2681-4901-89A0-019B409E96C1}.Debug|Any CPU.Build.0 = Debug|Any CPU
		{2E4A2A65-2681-4901-89A0-019B409E96C1}.Release|Any CPU.ActiveCfg = Release|Any CPU
		{2E4A2A65-2681-4901-89A0-019B409E96C1}.Release|Any CPU.Build.0 = Release|Any CPU
		{E243C150-1B50-4474-8824-D1EC3B25A575}.Debug|Any CPU.ActiveCfg = Debug|Any CPU
		{E243C150-1B50-4474-8824-D1EC3B25A575}.Debug|Any CPU.Build.0 = Debug|Any CPU
		{E243C150-1B50-4474-8824-D1EC3B25A575}.Release|Any CPU.ActiveCfg = Release|Any CPU
		{E243C150-1B50-4474-8824-D1EC3B25A575}.Release|Any CPU.Build.0 = Release|Any CPU
	EndGlobalSection
	GlobalSection(SolutionProperties) = preSolution
		HideSolutionNode = FALSE
	EndGlobalSection
	GlobalSection(ExtensibilityGlobals) = postSolution
		SolutionGuid = {DE6BC15E-638B-4350-AD6F-4231EA8B8CDC}
	EndGlobalSection
EndGlobal
