
Microsoft Visual Studio Solution File, Format Version 12.00
# Visual Studio Version 17
VisualStudioVersion = 17.9.34714.143
MinimumVisualStudioVersion = 10.0.40219.1
Project("{FAE04EC0-301F-11D3-BF4B-00C04F79EFBC}") = "SmileSoft.Consola", "SmileSoft.Consola\SmileSoft.Consola.csproj", "{64D13A05-8BAA-4195-8791-6F886A887685}"
EndProject
Global
	GlobalSection(SolutionConfigurationPlatforms) = preSolution
		Debug|Any CPU = Debug|Any CPU
		Release|Any CPU = Release|Any CPU
	EndGlobalSection
	GlobalSection(ProjectConfigurationPlatforms) = postSolution
		{64D13A05-8BAA-4195-8791-6F886A887685}.Debug|Any CPU.ActiveCfg = Debug|Any CPU
		{64D13A05-8BAA-4195-8791-6F886A887685}.Debug|Any CPU.Build.0 = Debug|Any CPU
		{64D13A05-8BAA-4195-8791-6F886A887685}.Release|Any CPU.ActiveCfg = Release|Any CPU
		{64D13A05-8BAA-4195-8791-6F886A887685}.Release|Any CPU.Build.0 = Release|Any CPU
	EndGlobalSection
	GlobalSection(SolutionProperties) = preSolution
		HideSolutionNode = FALSE
	EndGlobalSection
	GlobalSection(ExtensibilityGlobals) = postSolution
		SolutionGuid = {DE6BC15E-638B-4350-AD6F-4231EA8B8CDC}
	EndGlobalSection
EndGlobal
