
Microsoft Visual Studio Solution File, Format Version 12.00
# Visual Studio Version 17
VisualStudioVersion = 17.9.34714.143
MinimumVisualStudioVersion = 10.0.40219.1
Project("{FAE04EC0-301F-11D3-BF4B-00C04F79EFBC}") = "SmileSoft.WindowsForms", "SmileSoft.WindowsForms\SmileSoft.WindowsForms.csproj", "{F201BAC2-8925-446B-B295-4C7C8F450453}"
EndProject
Project("{FAE04EC0-301F-11D3-BF4B-00C04F79EFBC}") = "SmileSoft.Dominio", "SmileSoft.Dominio\SmileSoft.Dominio.csproj", "{F7E046CE-ABAD-4BCC-977A-7E2A8550745B}"
EndProject
Project("{FAE04EC0-301F-11D3-BF4B-00C04F79EFBC}") = "SmileSoft.WebAPI", "SmileSoft.WebAPI\SmileSoft.WebAPI.csproj", "{2E4A2A65-2681-4901-89A0-019B409E96C1}"
EndProject
Project("{FAE04EC0-301F-11D3-BF4B-00C04F79EFBC}") = "SmileSoft.DTO", "SmileSoft.DTO\SmileSoft.DTO.csproj", "{E243C150-1B50-4474-8824-D1EC3B25A575}"
EndProject
Project("{FAE04EC0-301F-11D3-BF4B-00C04F79EFBC}") = "SmileSoft.API.Clients", "SmileSoft.API.Clients\SmileSoft.API.Clients.csproj", "{F89B1AB4-99F0-4832-88D9-A990B44F0F96}"
EndProject
Project("{FAE04EC0-301F-11D3-BF4B-00C04F79EFBC}") = "SmileSoft.Data", "SmileSoft.Data\SmileSoft.Data.csproj", "{68DA4B6A-67F2-468F-95B8-2971D895EA1F}"
EndProject
Project("{FAE04EC0-301F-11D3-BF4B-00C04F79EFBC}") = "SmileSoft.Services", "SmileSoft.Services\SmileSoft.Services.csproj", "{917A14C5-AE85-4894-9245-22E5E4D3A3F8}"
EndProject
Project("{FAE04EC0-301F-11D3-BF4B-00C04F79EFBC}") = "SmileSoft.Blazor", "SmileSoft.Blazor\SmileSoft.Blazor.csproj", "{2DE465E1-B5CD-4C58-BF69-BA878677CE04}"
EndProject
Project("{FAE04EC0-301F-11D3-BF4B-00C04F79EFBC}") = "SmileSoft.API.Auth.WindowsForms", "SmileSoft.API.Auth.WindowsForms\SmileSoft.API.Auth.WindowsForms.csproj", "{902142C7-4D90-4828-9C5A-E010D03D5059}"
EndProject
Project("{FAE04EC0-301F-11D3-BF4B-00C04F79EFBC}") = "SmileSoft.API.Auth.Blazor.Server", "SmileSoft.API.Auth.Blazor.Server\SmileSoft.API.Auth.Blazor.Server.csproj", "{71B26200-F1A1-4FE6-9C55-E8571C1B9E10}"
EndProject
Project("{2150E333-8FDC-42A3-9474-1A3956D46DE8}") = "Elementos de la solución", "Elementos de la solución", "{D107F4C8-89CC-BEA8-D3D7-CA6B7733353D}"
	ProjectSection(SolutionItems) = preProject
		README.md = README.md
	EndProjectSection
EndProject
Global
	GlobalSection(SolutionConfigurationPlatforms) = preSolution
		Debug|Any CPU = Debug|Any CPU
		Release|Any CPU = Release|Any CPU
	EndGlobalSection
	GlobalSection(ProjectConfigurationPlatforms) = postSolution
		{F201BAC2-8925-446B-B295-4C7C8F450453}.Debug|Any CPU.ActiveCfg = Debug|Any CPU
		{F201BAC2-8925-446B-B295-4C7C8F450453}.Debug|Any CPU.Build.0 = Debug|Any CPU
		{F201BAC2-8925-446B-B295-4C7C8F450453}.Release|Any CPU.ActiveCfg = Release|Any CPU
		{F201BAC2-8925-446B-B295-4C7C8F450453}.Release|Any CPU.Build.0 = Release|Any CPU
		{F7E046CE-ABAD-4BCC-977A-7E2A8550745B}.Debug|Any CPU.ActiveCfg = Debug|Any CPU
		{F7E046CE-ABAD-4BCC-977A-7E2A8550745B}.Debug|Any CPU.Build.0 = Debug|Any CPU
		{F7E046CE-ABAD-4BCC-977A-7E2A8550745B}.Release|Any CPU.ActiveCfg = Release|Any CPU
		{F7E046CE-ABAD-4BCC-977A-7E2A8550745B}.Release|Any CPU.Build.0 = Release|Any CPU
		{2E4A2A65-2681-4901-89A0-019B409E96C1}.Debug|Any CPU.ActiveCfg = Debug|Any CPU
		{2E4A2A65-2681-4901-89A0-019B409E96C1}.Debug|Any CPU.Build.0 = Debug|Any CPU
		{2E4A2A65-2681-4901-89A0-019B409E96C1}.Release|Any CPU.ActiveCfg = Release|Any CPU
		{2E4A2A65-2681-4901-89A0-019B409E96C1}.Release|Any CPU.Build.0 = Release|Any CPU
		{E243C150-1B50-4474-8824-D1EC3B25A575}.Debug|Any CPU.ActiveCfg = Debug|Any CPU
		{E243C150-1B50-4474-8824-D1EC3B25A575}.Debug|Any CPU.Build.0 = Debug|Any CPU
		{E243C150-1B50-4474-8824-D1EC3B25A575}.Release|Any CPU.ActiveCfg = Release|Any CPU
		{E243C150-1B50-4474-8824-D1EC3B25A575}.Release|Any CPU.Build.0 = Release|Any CPU
		{F89B1AB4-99F0-4832-88D9-A990B44F0F96}.Debug|Any CPU.ActiveCfg = Debug|Any CPU
		{F89B1AB4-99F0-4832-88D9-A990B44F0F96}.Debug|Any CPU.Build.0 = Debug|Any CPU
		{F89B1AB4-99F0-4832-88D9-A990B44F0F96}.Release|Any CPU.ActiveCfg = Release|Any CPU
		{F89B1AB4-99F0-4832-88D9-A990B44F0F96}.Release|Any CPU.Build.0 = Release|Any CPU
		{68DA4B6A-67F2-468F-95B8-2971D895EA1F}.Debug|Any CPU.ActiveCfg = Debug|Any CPU
		{68DA4B6A-67F2-468F-95B8-2971D895EA1F}.Debug|Any CPU.Build.0 = Debug|Any CPU
		{68DA4B6A-67F2-468F-95B8-2971D895EA1F}.Release|Any CPU.ActiveCfg = Release|Any CPU
		{68DA4B6A-67F2-468F-95B8-2971D895EA1F}.Release|Any CPU.Build.0 = Release|Any CPU
		{917A14C5-AE85-4894-9245-22E5E4D3A3F8}.Debug|Any CPU.ActiveCfg = Debug|Any CPU
		{917A14C5-AE85-4894-9245-22E5E4D3A3F8}.Debug|Any CPU.Build.0 = Debug|Any CPU
		{917A14C5-AE85-4894-9245-22E5E4D3A3F8}.Release|Any CPU.ActiveCfg = Release|Any CPU
		{917A14C5-AE85-4894-9245-22E5E4D3A3F8}.Release|Any CPU.Build.0 = Release|Any CPU
		{2DE465E1-B5CD-4C58-BF69-BA878677CE04}.Debug|Any CPU.ActiveCfg = Debug|Any CPU
		{2DE465E1-B5CD-4C58-BF69-BA878677CE04}.Debug|Any CPU.Build.0 = Debug|Any CPU
		{2DE465E1-B5CD-4C58-BF69-BA878677CE04}.Release|Any CPU.ActiveCfg = Release|Any CPU
		{2DE465E1-B5CD-4C58-BF69-BA878677CE04}.Release|Any CPU.Build.0 = Release|Any CPU
		{902142C7-4D90-4828-9C5A-E010D03D5059}.Debug|Any CPU.ActiveCfg = Debug|Any CPU
		{902142C7-4D90-4828-9C5A-E010D03D5059}.Debug|Any CPU.Build.0 = Debug|Any CPU
		{902142C7-4D90-4828-9C5A-E010D03D5059}.Release|Any CPU.ActiveCfg = Release|Any CPU
		{902142C7-4D90-4828-9C5A-E010D03D5059}.Release|Any CPU.Build.0 = Release|Any CPU
		{71B26200-F1A1-4FE6-9C55-E8571C1B9E10}.Debug|Any CPU.ActiveCfg = Debug|Any CPU
		{71B26200-F1A1-4FE6-9C55-E8571C1B9E10}.Debug|Any CPU.Build.0 = Debug|Any CPU
		{71B26200-F1A1-4FE6-9C55-E8571C1B9E10}.Release|Any CPU.ActiveCfg = Release|Any CPU
		{71B26200-F1A1-4FE6-9C55-E8571C1B9E10}.Release|Any CPU.Build.0 = Release|Any CPU
	EndGlobalSection
	GlobalSection(SolutionProperties) = preSolution
		HideSolutionNode = FALSE
	EndGlobalSection
	GlobalSection(ExtensibilityGlobals) = postSolution
		SolutionGuid = {DE6BC15E-638B-4350-AD6F-4231EA8B8CDC}
	EndGlobalSection
EndGlobal
